---
- name: Clone slock
  tags:
    - full-install
    - light-install
    - slock
  ansible.builtin.git:
    version: main
    repo: git@github.com:andre-gonzalez/slock.git
    dest: "{{ ansible_env.HOME }}/.config/slock"
    accept_hostkey: true
  ignore_errors: true

- name: Install slock
  tags:
    - full-install
    - light-install
    - slock
  community.general.make:
    chdir: "{{ ansible_env.HOME }}/.config/slock"
    target: install
  become: true
